
Microsoft Visual Studio Solution File, Format Version 12.00
# Visual Studio Version 16
VisualStudioVersion = 16.0.28729.10
MinimumVisualStudioVersion = 10.0.40219.1
Project("{F184B08F-C81C-45F6-A57F-5ABD9991F28F}") = "FreshFarmApp", "FreshFarmApp.vbproj", "{ADD4BAA5-FB77-45B1-99FE-5CEC42EADC45}"
EndProject
Global
	GlobalSection(SolutionConfigurationPlatforms) = preSolution
		Debug|Any CPU = Debug|Any CPU
		Release|Any CPU = Release|Any CPU
	EndGlobalSection
	GlobalSection(ProjectConfigurationPlatforms) = postSolution
		{ADD4BAA5-FB77-45B1-99FE-5CEC42EADC45}.Debug|Any CPU.ActiveCfg = Debug|Any CPU
		{ADD4BAA5-FB77-45B1-99FE-5CEC42EADC45}.Debug|Any CPU.Build.0 = Debug|Any CPU
		{ADD4BAA5-FB77-45B1-99FE-5CEC42EADC45}.Release|Any CPU.ActiveCfg = Release|Any CPU
		{ADD4BAA5-FB77-45B1-99FE-5CEC42EADC45}.Release|Any CPU.Build.0 = Release|Any CPU
	EndGlobalSection
	GlobalSection(SolutionProperties) = preSolution
		HideSolutionNode = FALSE
	EndGlobalSection
	GlobalSection(ExtensibilityGlobals) = postSolution
		SolutionGuid = {E80BF27D-3505-4CD8-976D-624C9C3EE68D}
	EndGlobalSection
EndGlobal
